
Microsoft Visual Studio Solution File, Format Version 12.00
# Visual Studio Version 16
VisualStudioVersion = 16.0.30621.155
MinimumVisualStudioVersion = 10.0.40219.1
Project("{FAE04EC0-301F-11D3-BF4B-00C04F79EFBC}") = "pril3", "pril3\pril3.csproj", "{7566C5FF-2A06-4472-B17F-6D22B922A442}"
EndProject
Global
	GlobalSection(SolutionConfigurationPlatforms) = preSolution
		Debug|Any CPU = Debug|Any CPU
		Release|Any CPU = Release|Any CPU
	EndGlobalSection
	GlobalSection(ProjectConfigurationPlatforms) = postSolution
		{7566C5FF-2A06-4472-B17F-6D22B922A442}.Debug|Any CPU.ActiveCfg = Debug|Any CPU
		{7566C5FF-2A06-4472-B17F-6D22B922A442}.Debug|Any CPU.Build.0 = Debug|Any CPU
		{7566C5FF-2A06-4472-B17F-6D22B922A442}.Release|Any CPU.ActiveCfg = Release|Any CPU
		{7566C5FF-2A06-4472-B17F-6D22B922A442}.Release|Any CPU.Build.0 = Release|Any CPU
	EndGlobalSection
	GlobalSection(SolutionProperties) = preSolution
		HideSolutionNode = FALSE
	EndGlobalSection
	GlobalSection(ExtensibilityGlobals) = postSolution
		SolutionGuid = {E8D10B40-D731-4E25-A85E-173CA93F4F15}
	EndGlobalSection
EndGlobal
